
Microsoft Visual Studio Solution File, Format Version 12.00
# Visual Studio 2013
VisualStudioVersion = 12.0.30723.0
MinimumVisualStudioVersion = 10.0.40219.1
Project("{FAE04EC0-301F-11D3-BF4B-00C04F79EFBC}") = "BackgroundSensorsCS.WindowsPhone", "BackgroundSensorsCS.WindowsPhone.csproj", "{BEAE5180-DDC1-433B-8D49-162F8656A192}"
EndProject
Project("{FAE04EC0-301F-11D3-BF4B-00C04F79EFBC}") = "BackgroundTasks.WindowsPhone", "BackgroundTask\BackgroundTasks.WindowsPhone.csproj", "{8FD2E412-A2F2-4325-A230-F7F6EFE81652}"
EndProject
Project("{FAE04EC0-301F-11D3-BF4B-00C04F79EFBC}") = "Playlist", "Playlist\Playlist.csproj", "{EE149F5E-5FBE-4E09-876F-D1CBB9509F9C}"
EndProject
Global
	GlobalSection(SolutionConfigurationPlatforms) = preSolution
		Debug|Any CPU = Debug|Any CPU
		Debug|ARM = Debug|ARM
		Debug|x86 = Debug|x86
		Release|Any CPU = Release|Any CPU
		Release|ARM = Release|ARM
		Release|x86 = Release|x86
	EndGlobalSection
	GlobalSection(ProjectConfigurationPlatforms) = postSolution
		{BEAE5180-DDC1-433B-8D49-162F8656A192}.Debug|Any CPU.ActiveCfg = Debug|Any CPU
		{BEAE5180-DDC1-433B-8D49-162F8656A192}.Debug|Any CPU.Build.0 = Debug|Any CPU
		{BEAE5180-DDC1-433B-8D49-162F8656A192}.Debug|Any CPU.Deploy.0 = Debug|Any CPU
		{BEAE5180-DDC1-433B-8D49-162F8656A192}.Debug|ARM.ActiveCfg = Debug|Any CPU
		{BEAE5180-DDC1-433B-8D49-162F8656A192}.Debug|x86.ActiveCfg = Debug|Any CPU
		{BEAE5180-DDC1-433B-8D49-162F8656A192}.Release|Any CPU.ActiveCfg = Release|Any CPU
		{BEAE5180-DDC1-433B-8D49-162F8656A192}.Release|Any CPU.Build.0 = Release|Any CPU
		{BEAE5180-DDC1-433B-8D49-162F8656A192}.Release|Any CPU.Deploy.0 = Release|Any CPU
		{BEAE5180-DDC1-433B-8D49-162F8656A192}.Release|ARM.ActiveCfg = Release|Any CPU
		{BEAE5180-DDC1-433B-8D49-162F8656A192}.Release|x86.ActiveCfg = Release|Any CPU
		{8FD2E412-A2F2-4325-A230-F7F6EFE81652}.Debug|Any CPU.ActiveCfg = Debug|Any CPU
		{8FD2E412-A2F2-4325-A230-F7F6EFE81652}.Debug|Any CPU.Build.0 = Debug|Any CPU
		{8FD2E412-A2F2-4325-A230-F7F6EFE81652}.Debug|ARM.ActiveCfg = Debug|Any CPU
		{8FD2E412-A2F2-4325-A230-F7F6EFE81652}.Debug|x86.ActiveCfg = Debug|Any CPU
		{8FD2E412-A2F2-4325-A230-F7F6EFE81652}.Release|Any CPU.ActiveCfg = Release|Any CPU
		{8FD2E412-A2F2-4325-A230-F7F6EFE81652}.Release|Any CPU.Build.0 = Release|Any CPU
		{8FD2E412-A2F2-4325-A230-F7F6EFE81652}.Release|ARM.ActiveCfg = Release|Any CPU
		{8FD2E412-A2F2-4325-A230-F7F6EFE81652}.Release|x86.ActiveCfg = Release|Any CPU
		{EE149F5E-5FBE-4E09-876F-D1CBB9509F9C}.Debug|Any CPU.ActiveCfg = Debug|Any CPU
		{EE149F5E-5FBE-4E09-876F-D1CBB9509F9C}.Debug|Any CPU.Build.0 = Debug|Any CPU
		{EE149F5E-5FBE-4E09-876F-D1CBB9509F9C}.Debug|ARM.ActiveCfg = Debug|ARM
		{EE149F5E-5FBE-4E09-876F-D1CBB9509F9C}.Debug|ARM.Build.0 = Debug|ARM
		{EE149F5E-5FBE-4E09-876F-D1CBB9509F9C}.Debug|x86.ActiveCfg = Debug|x86
		{EE149F5E-5FBE-4E09-876F-D1CBB9509F9C}.Debug|x86.Build.0 = Debug|x86
		{EE149F5E-5FBE-4E09-876F-D1CBB9509F9C}.Release|Any CPU.ActiveCfg = Release|Any CPU
		{EE149F5E-5FBE-4E09-876F-D1CBB9509F9C}.Release|Any CPU.Build.0 = Release|Any CPU
		{EE149F5E-5FBE-4E09-876F-D1CBB9509F9C}.Release|ARM.ActiveCfg = Release|ARM
		{EE149F5E-5FBE-4E09-876F-D1CBB9509F9C}.Release|ARM.Build.0 = Release|ARM
		{EE149F5E-5FBE-4E09-876F-D1CBB9509F9C}.Release|x86.ActiveCfg = Release|x86
		{EE149F5E-5FBE-4E09-876F-D1CBB9509F9C}.Release|x86.Build.0 = Release|x86
	EndGlobalSection
	GlobalSection(SolutionProperties) = preSolution
		HideSolutionNode = FALSE
	EndGlobalSection
EndGlobal
